
Microsoft Visual Studio Solution File, Format Version 12.00
# Visual Studio Version 17
VisualStudioVersion = 17.6.33815.320
MinimumVisualStudioVersion = 10.0.40219.1
Project("{FAE04EC0-301F-11D3-BF4B-00C04F79EFBC}") = "WindowsFormsApp1", "WindowsFormsApp1.csproj", "{AD7CC8C9-1A1F-47F7-A0CF-414A89A5A88F}"
EndProject
Global
	GlobalSection(SolutionConfigurationPlatforms) = preSolution
		Debug|Any CPU = Debug|Any CPU
		Release|Any CPU = Release|Any CPU
	EndGlobalSection
	GlobalSection(ProjectConfigurationPlatforms) = postSolution
		{AD7CC8C9-1A1F-47F7-A0CF-414A89A5A88F}.Debug|Any CPU.ActiveCfg = Debug|Any CPU
		{AD7CC8C9-1A1F-47F7-A0CF-414A89A5A88F}.Debug|Any CPU.Build.0 = Debug|Any CPU
		{AD7CC8C9-1A1F-47F7-A0CF-414A89A5A88F}.Release|Any CPU.ActiveCfg = Release|Any CPU
		{AD7CC8C9-1A1F-47F7-A0CF-414A89A5A88F}.Release|Any CPU.Build.0 = Release|Any CPU
	EndGlobalSection
	GlobalSection(SolutionProperties) = preSolution
		HideSolutionNode = FALSE
	EndGlobalSection
	GlobalSection(ExtensibilityGlobals) = postSolution
		SolutionGuid = {4DC764CD-41D5-451F-849A-01FFA4BD071C}
	EndGlobalSection
EndGlobal
